
Microsoft Visual Studio Solution File, Format Version 12.00
# Visual Studio Version 16
VisualStudioVersion = 16.0.29409.12
MinimumVisualStudioVersion = 10.0.40219.1
Project("{9A19103F-16F7-4668-BE54-9A1E7A4F7556}") = "dotnet", "dotnet.csproj", "{2A6A864B-0659-4A78-AC0F-FF0E7775EA24}"
EndProject
Global
	GlobalSection(SolutionConfigurationPlatforms) = preSolution
		Debug|Any CPU = Debug|Any CPU
		Release|Any CPU = Release|Any CPU
	EndGlobalSection
	GlobalSection(ProjectConfigurationPlatforms) = postSolution
		{2A6A864B-0659-4A78-AC0F-FF0E7775EA24}.Debug|Any CPU.ActiveCfg = Debug|Any CPU
		{2A6A864B-0659-4A78-AC0F-FF0E7775EA24}.Debug|Any CPU.Build.0 = Debug|Any CPU
		{2A6A864B-0659-4A78-AC0F-FF0E7775EA24}.Release|Any CPU.ActiveCfg = Release|Any CPU
		{2A6A864B-0659-4A78-AC0F-FF0E7775EA24}.Release|Any CPU.Build.0 = Release|Any CPU
	EndGlobalSection
	GlobalSection(SolutionProperties) = preSolution
		HideSolutionNode = FALSE
	EndGlobalSection
	GlobalSection(ExtensibilityGlobals) = postSolution
		SolutionGuid = {24411BDA-B5C3-46E5-97D2-23F63B59F0CF}
	EndGlobalSection
EndGlobal
